{
  "originHash" : "3809e653235f389ff8289e820f18700b74132eced590da62f59776ecd312ca89",
  "pins" : [
    {
      "identity" : "rtree",
      "kind" : "remoteSourceControl",
      "location" : "https://github.com/emma-k-alexandra/RTree",
      "state" : {
        "revision" : "d0585640916a1d793e50ee5676c58de183936492",
        "version" : "2.2.1"
      }
    },
    {
      "identity" : "viewinspector",
      "kind" : "remoteSourceControl",
      "location" : "https://github.com/nalexn/ViewInspector",
      "state" : {
        "revision" : "e9a06346499a3a889165647e3f23f8a7b2609a1c",
        "version" : "0.10.3"
      }
    }
  ],
  "version" : 3
}
